{
    "name": "vk-unicloud-router",
    "version": "2.12.1",
    "lockfileVersion": 2,
    "requires": true,
    "packages": {
        "": {
            "name": "vk-unicloud-router",
            "version": "2.12.1",
            "license": "MIT",
            "devDependencies": {},
            "engines": {
                "HBuilderX": "^3.1.2"
            }
        }
    }
}
